// !$*UTF8*$!
{
	archiveVersion = 1;
	classes = {
	};
	objectVersion = 56;
	objects = {

/* Begin PBXBuildFile section */
		4464777B2A2A6A6D00F65548 /* NutrizyApp.swift in Sources */ = {isa = PBXBuildFile; fileRef = 4464777A2A2A6A6D00F65548 /* NutrizyApp.swift */; };
		4464777D2A2A6A6D00F65548 /* Home.swift in Sources */ = {isa = PBXBuildFile; fileRef = 4464777C2A2A6A6D00F65548 /* Home.swift */; };
		4464777F2A2A6A6D00F65548 /* Assets.xcassets in Resources */ = {isa = PBXBuildFile; fileRef = 4464777E2A2A6A6D00F65548 /* Assets.xcassets */; };
		446477822A2A6A6D00F65548 /* Preview Assets.xcassets in Resources */ = {isa = PBXBuildFile; fileRef = 446477812A2A6A6D00F65548 /* Preview Assets.xcassets */; };
		4464778A2A2A6F6800F65548 /* SectionView.swift in Sources */ = {isa = PBXBuildFile; fileRef = 446477892A2A6F6800F65548 /* SectionView.swift */; };
		4464778C2A2A718400F65548 /* Card.swift in Sources */ = {isa = PBXBuildFile; fileRef = 4464778B2A2A718400F65548 /* Card.swift */; };
		CE26C6CA2A30FE7F005FFC2D /* Favorites.swift in Sources */ = {isa = PBXBuildFile; fileRef = CE26C6C92A30FE7F005FFC2D /* Favorites.swift */; };
		CE26C6CC2A311984005FFC2D /* CardFavorite.swift in Sources */ = {isa = PBXBuildFile; fileRef = CE26C6CB2A311984005FFC2D /* CardFavorite.swift */; };
		CE8BDF062A33B3DB00EA704A /* TabNavView.swift in Sources */ = {isa = PBXBuildFile; fileRef = CE8BDF052A33B3DB00EA704A /* TabNavView.swift */; };
		CEBE8D652A33A58E00DC2921 /* ReplaceView.swift in Sources */ = {isa = PBXBuildFile; fileRef = CEBE8D642A33A58E00DC2921 /* ReplaceView.swift */; };
/* End PBXBuildFile section */

/* Begin PBXFileReference section */
		446477772A2A6A6D00F65548 /* Nutrizy.app */ = {isa = PBXFileReference; explicitFileType = wrapper.application; includeInIndex = 0; path = Nutrizy.app; sourceTree = BUILT_PRODUCTS_DIR; };
		4464777A2A2A6A6D00F65548 /* NutrizyApp.swift */ = {isa = PBXFileReference; lastKnownFileType = sourcecode.swift; path = NutrizyApp.swift; sourceTree = "<group>"; };
		4464777C2A2A6A6D00F65548 /* Home.swift */ = {isa = PBXFileReference; lastKnownFileType = sourcecode.swift; path = Home.swift; sourceTree = "<group>"; };
		4464777E2A2A6A6D00F65548 /* Assets.xcassets */ = {isa = PBXFileReference; lastKnownFileType = folder.assetcatalog; path = Assets.xcassets; sourceTree = "<group>"; };
		446477812A2A6A6D00F65548 /* Preview Assets.xcassets */ = {isa = PBXFileReference; lastKnownFileType = folder.assetcatalog; path = "Preview Assets.xcassets"; sourceTree = "<group>"; };
		446477892A2A6F6800F65548 /* SectionView.swift */ = {isa = PBXFileReference; lastKnownFileType = sourcecode.swift; path = SectionView.swift; sourceTree = "<group>"; };
		4464778B2A2A718400F65548 /* Card.swift */ = {isa = PBXFileReference; lastKnownFileType = sourcecode.swift; path = Card.swift; sourceTree = "<group>"; };
		CE26C6C92A30FE7F005FFC2D /* Favorites.swift */ = {isa = PBXFileReference; lastKnownFileType = sourcecode.swift; path = Favorites.swift; sourceTree = "<group>"; };
		CE26C6CB2A311984005FFC2D /* CardFavorite.swift */ = {isa = PBXFileReference; lastKnownFileType = sourcecode.swift; path = CardFavorite.swift; sourceTree = "<group>"; };
		CE8BDF052A33B3DB00EA704A /* TabNavView.swift */ = {isa = PBXFileReference; lastKnownFileType = sourcecode.swift; path = TabNavView.swift; sourceTree = "<group>"; };
		CEBE8D642A33A58E00DC2921 /* ReplaceView.swift */ = {isa = PBXFileReference; lastKnownFileType = sourcecode.swift; path = ReplaceView.swift; sourceTree = "<group>"; };
/* End PBXFileReference section */

/* Begin PBXFrameworksBuildPhase section */
		446477742A2A6A6D00F65548 /* Frameworks */ = {
			isa = PBXFrameworksBuildPhase;
			buildActionMask = 2147483647;
			files = (
			);
			runOnlyForDeploymentPostprocessing = 0;
		};
/* End PBXFrameworksBuildPhase section */

/* Begin PBXGroup section */
		4464776E2A2A6A6D00F65548 = {
			isa = PBXGroup;
			children = (
				446477792A2A6A6D00F65548 /* Nutrizy */,
				446477782A2A6A6D00F65548 /* Products */,
			);
			sourceTree = "<group>";
		};
		446477782A2A6A6D00F65548 /* Products */ = {
			isa = PBXGroup;
			children = (
				446477772A2A6A6D00F65548 /* Nutrizy.app */,
			);
			name = Products;
			sourceTree = "<group>";
		};
		446477792A2A6A6D00F65548 /* Nutrizy */ = {
			isa = PBXGroup;
			children = (
				446477882A2A6A7F00F65548 /* Views */,
				4464777A2A2A6A6D00F65548 /* NutrizyApp.swift */,
				4464777E2A2A6A6D00F65548 /* Assets.xcassets */,
				446477802A2A6A6D00F65548 /* Preview Content */,
			);
			path = Nutrizy;
			sourceTree = "<group>";
		};
		446477802A2A6A6D00F65548 /* Preview Content */ = {
			isa = PBXGroup;
			children = (
				446477812A2A6A6D00F65548 /* Preview Assets.xcassets */,
			);
			path = "Preview Content";
			sourceTree = "<group>";
		};
		446477882A2A6A7F00F65548 /* Views */ = {
			isa = PBXGroup;
			children = (
				4464777C2A2A6A6D00F65548 /* Home.swift */,
				CE8BDF052A33B3DB00EA704A /* TabNavView.swift */,
				446477892A2A6F6800F65548 /* SectionView.swift */,
				4464778B2A2A718400F65548 /* Card.swift */,
				CE26C6C92A30FE7F005FFC2D /* Favorites.swift */,
				CE26C6CB2A311984005FFC2D /* CardFavorite.swift */,
				CEBE8D642A33A58E00DC2921 /* ReplaceView.swift */,
			);
			path = Views;
			sourceTree = "<group>";
		};
/* End PBXGroup section */

/* Begin PBXNativeTarget section */
		446477762A2A6A6D00F65548 /* Nutrizy */ = {
			isa = PBXNativeTarget;
			buildConfigurationList = 446477852A2A6A6D00F65548 /* Build configuration list for PBXNativeTarget "Nutrizy" */;
			buildPhases = (
				446477732A2A6A6D00F65548 /* Sources */,
				446477742A2A6A6D00F65548 /* Frameworks */,
				446477752A2A6A6D00F65548 /* Resources */,
			);
			buildRules = (
			);
			dependencies = (
			);
			name = Nutrizy;
			productName = Nutrizy;
			productReference = 446477772A2A6A6D00F65548 /* Nutrizy.app */;
			productType = "com.apple.product-type.application";
		};
/* End PBXNativeTarget section */

/* Begin PBXProject section */
		4464776F2A2A6A6D00F65548 /* Project object */ = {
			isa = PBXProject;
			attributes = {
				BuildIndependentTargetsInParallel = 1;
				LastSwiftUpdateCheck = 1420;
				LastUpgradeCheck = 1420;
				TargetAttributes = {
					446477762A2A6A6D00F65548 = {
						CreatedOnToolsVersion = 14.2;
					};
				};
			};
			buildConfigurationList = 446477722A2A6A6D00F65548 /* Build configuration list for PBXProject "Nutrizy" */;
			compatibilityVersion = "Xcode 14.0";
			developmentRegion = en;
			hasScannedForEncodings = 0;
			knownRegions = (
				en,
				Base,
			);
			mainGroup = 4464776E2A2A6A6D00F65548;
			productRefGroup = 446477782A2A6A6D00F65548 /* Products */;
			projectDirPath = "";
			projectRoot = "";
			targets = (
				446477762A2A6A6D00F65548 /* Nutrizy */,
			);
		};
/* End PBXProject section */

/* Begin PBXResourcesBuildPhase section */
		446477752A2A6A6D00F65548 /* Resources */ = {
			isa = PBXResourcesBuildPhase;
			buildActionMask = 2147483647;
			files = (
				446477822A2A6A6D00F65548 /* Preview Assets.xcassets in Resources */,
				4464777F2A2A6A6D00F65548 /* Assets.xcassets in Resources */,
			);
			runOnlyForDeploymentPostprocessing = 0;
		};
/* End PBXResourcesBuildPhase section */

/* Begin PBXSourcesBuildPhase section */
		446477732A2A6A6D00F65548 /* Sources */ = {
			isa = PBXSourcesBuildPhase;
			buildActionMask = 2147483647;
			files = (
				CEBE8D652A33A58E00DC2921 /* ReplaceView.swift in Sources */,
				4464777D2A2A6A6D00F65548 /* Home.swift in Sources */,
				4464777B2A2A6A6D00F65548 /* NutrizyApp.swift in Sources */,
				4464778A2A2A6F6800F65548 /* SectionView.swift in Sources */,
				CE8BDF062A33B3DB00EA704A /* TabNavView.swift in Sources */,
				CE26C6CA2A30FE7F005FFC2D /* Favorites.swift in Sources */,
				4464778C2A2A718400F65548 /* Card.swift in Sources */,
				CE26C6CC2A311984005FFC2D /* CardFavorite.swift in Sources */,
			);
			runOnlyForDeploymentPostprocessing = 0;
		};
/* End PBXSourcesBuildPhase section */

/* Begin XCBuildConfiguration section */
		446477832A2A6A6D00F65548 /* Debug */ = {
			isa = XCBuildConfiguration;
			buildSettings = {
				ALWAYS_SEARCH_USER_PATHS = NO;
				CLANG_ANALYZER_NONNULL = YES;
				CLANG_ANALYZER_NUMBER_OBJECT_CONVERSION = YES_AGGRESSIVE;
				CLANG_CXX_LANGUAGE_STANDARD = "gnu++20";
				CLANG_ENABLE_MODULES = YES;
				CLANG_ENABLE_OBJC_ARC = YES;
				CLANG_ENABLE_OBJC_WEAK = YES;
				CLANG_WARN_BLOCK_CAPTURE_AUTORELEASING = YES;
				CLANG_WARN_BOOL_CONVERSION = YES;
				CLANG_WARN_COMMA = YES;
				CLANG_WARN_CONSTANT_CONVERSION = YES;
				CLANG_WARN_DEPRECATED_OBJC_IMPLEMENTATIONS = YES;
				CLANG_WARN_DIRECT_OBJC_ISA_USAGE = YES_ERROR;
				CLANG_WARN_DOCUMENTATION_COMMENTS = YES;
				CLANG_WARN_EMPTY_BODY = YES;
				CLANG_WARN_ENUM_CONVERSION = YES;
				CLANG_WARN_INFINITE_RECURSION = YES;
				CLANG_WARN_INT_CONVERSION = YES;
				CLANG_WARN_NON_LITERAL_NULL_CONVERSION = YES;
				CLANG_WARN_OBJC_IMPLICIT_RETAIN_SELF = YES;
				CLANG_WARN_OBJC_LITERAL_CONVERSION = YES;
				CLANG_WARN_OBJC_ROOT_CLASS = YES_ERROR;
				CLANG_WARN_QUOTED_INCLUDE_IN_FRAMEWORK_HEADER = YES;
				CLANG_WARN_RANGE_LOOP_ANALYSIS = YES;
				CLANG_WARN_STRICT_PROTOTYPES = YES;
				CLANG_WARN_SUSPICIOUS_MOVE = YES;
				CLANG_WARN_UNGUARDED_AVAILABILITY = YES_AGGRESSIVE;
				CLANG_WARN_UNREACHABLE_CODE = YES;
				CLANG_WARN__DUPLICATE_METHOD_MATCH = YES;
				COPY_PHASE_STRIP = NO;
				DEBUG_INFORMATION_FORMAT = dwarf;
				ENABLE_STRICT_OBJC_MSGSEND = YES;
				ENABLE_TESTABILITY = YES;
				GCC_C_LANGUAGE_STANDARD = gnu11;
				GCC_DYNAMIC_NO_PIC = NO;
				GCC_NO_COMMON_BLOCKS = YES;
				GCC_OPTIMIZATION_LEVEL = 0;
				GCC_PREPROCESSOR_DEFINITIONS = (
					"DEBUG=1",
					"$(inherited)",
				);
				GCC_WARN_64_TO_32_BIT_CONVERSION = YES;
				GCC_WARN_ABOUT_RETURN_TYPE = YES_ERROR;
				GCC_WARN_UNDECLARED_SELECTOR = YES;
				GCC_WARN_UNINITIALIZED_AUTOS = YES_AGGRESSIVE;
				GCC_WARN_UNUSED_FUNCTION = YES;
				GCC_WARN_UNUSED_VARIABLE = YES;
				IPHONEOS_DEPLOYMENT_TARGET = 16.2;
				MTL_ENABLE_DEBUG_INFO = INCLUDE_SOURCE;
				MTL_FAST_MATH = YES;
				ONLY_ACTIVE_ARCH = YES;
				SDKROOT = iphoneos;
				SWIFT_ACTIVE_COMPILATION_CONDITIONS = DEBUG;
				SWIFT_OPTIMIZATION_LEVEL = "-Onone";
			};
			name = Debug;
		};
		446477842A2A6A6D00F65548 /* Release */ = {
			isa = XCBuildConfiguration;
			buildSettings = {
				ALWAYS_SEARCH_USER_PATHS = NO;
				CLANG_ANALYZER_NONNULL = YES;
				CLANG_ANALYZER_NUMBER_OBJECT_CONVERSION = YES_AGGRESSIVE;
				CLANG_CXX_LANGUAGE_STANDARD = "gnu++20";
				CLANG_ENABLE_MODULES = YES;
				CLANG_ENABLE_OBJC_ARC = YES;
				CLANG_ENABLE_OBJC_WEAK = YES;
				CLANG_WARN_BLOCK_CAPTURE_AUTORELEASING = YES;
				CLANG_WARN_BOOL_CONVERSION = YES;
				CLANG_WARN_COMMA = YES;
				CLANG_WARN_CONSTANT_CONVERSION = YES;
				CLANG_WARN_DEPRECATED_OBJC_IMPLEMENTATIONS = YES;
				CLANG_WARN_DIRECT_OBJC_ISA_USAGE = YES_ERROR;
				CLANG_WARN_DOCUMENTATION_COMMENTS = YES;
				CLANG_WARN_EMPTY_BODY = YES;
				CLANG_WARN_ENUM_CONVERSION = YES;
				CLANG_WARN_INFINITE_RECURSION = YES;
				CLANG_WARN_INT_CONVERSION = YES;
				CLANG_WARN_NON_LITERAL_NULL_CONVERSION = YES;
				CLANG_WARN_OBJC_IMPLICIT_RETAIN_SELF = YES;
				CLANG_WARN_OBJC_LITERAL_CONVERSION = YES;
				CLANG_WARN_OBJC_ROOT_CLASS = YES_ERROR;
				CLANG_WARN_QUOTED_INCLUDE_IN_FRAMEWORK_HEADER = YES;
				CLANG_WARN_RANGE_LOOP_ANALYSIS = YES;
				CLANG_WARN_STRICT_PROTOTYPES = YES;
				CLANG_WARN_SUSPICIOUS_MOVE = YES;
				CLANG_WARN_UNGUARDED_AVAILABILITY = YES_AGGRESSIVE;
				CLANG_WARN_UNREACHABLE_CODE = YES;
				CLANG_WARN__DUPLICATE_METHOD_MATCH = YES;
				COPY_PHASE_STRIP = NO;
				DEBUG_INFORMATION_FORMAT = "dwarf-with-dsym";
				ENABLE_NS_ASSERTIONS = NO;
				ENABLE_STRICT_OBJC_MSGSEND = YES;
				GCC_C_LANGUAGE_STANDARD = gnu11;
				GCC_NO_COMMON_BLOCKS = YES;
				GCC_WARN_64_TO_32_BIT_CONVERSION = YES;
				GCC_WARN_ABOUT_RETURN_TYPE = YES_ERROR;
				GCC_WARN_UNDECLARED_SELECTOR = YES;
				GCC_WARN_UNINITIALIZED_AUTOS = YES_AGGRESSIVE;
				GCC_WARN_UNUSED_FUNCTION = YES;
				GCC_WARN_UNUSED_VARIABLE = YES;
				IPHONEOS_DEPLOYMENT_TARGET = 16.2;
				MTL_ENABLE_DEBUG_INFO = NO;
				MTL_FAST_MATH = YES;
				SDKROOT = iphoneos;
				SWIFT_COMPILATION_MODE = wholemodule;
				SWIFT_OPTIMIZATION_LEVEL = "-O";
				VALIDATE_PRODUCT = YES;
			};
			name = Release;
		};
		446477862A2A6A6D00F65548 /* Debug */ = {
			isa = XCBuildConfiguration;
			buildSettings = {
				ASSETCATALOG_COMPILER_APPICON_NAME = AppIcon;
				ASSETCATALOG_COMPILER_GLOBAL_ACCENT_COLOR_NAME = AccentColor;
				CODE_SIGN_STYLE = Automatic;
				CURRENT_PROJECT_VERSION = 1;
				DEVELOPMENT_ASSET_PATHS = "\"Nutrizy/Preview Content\"";
				ENABLE_PREVIEWS = YES;
				GENERATE_INFOPLIST_FILE = YES;
				INFOPLIST_KEY_UIApplicationSceneManifest_Generation = YES;
				INFOPLIST_KEY_UIApplicationSupportsIndirectInputEvents = YES;
				INFOPLIST_KEY_UILaunchScreen_Generation = YES;
				INFOPLIST_KEY_UISupportedInterfaceOrientations_iPad = "UIInterfaceOrientationPortrait UIInterfaceOrientationPortraitUpsideDown UIInterfaceOrientationLandscapeLeft UIInterfaceOrientationLandscapeRight";
				INFOPLIST_KEY_UISupportedInterfaceOrientations_iPhone = "UIInterfaceOrientationPortrait UIInterfaceOrientationLandscapeLeft UIInterfaceOrientationLandscapeRight";
				LD_RUNPATH_SEARCH_PATHS = (
					"$(inherited)",
					"@executable_path/Frameworks",
				);
				MARKETING_VERSION = 1.0;
				PRODUCT_BUNDLE_IDENTIFIER = com.ifce.Nutrizy;
				PRODUCT_NAME = "$(TARGET_NAME)";
				SWIFT_EMIT_LOC_STRINGS = YES;
				SWIFT_VERSION = 5.0;
				TARGETED_DEVICE_FAMILY = "1,2";
			};
			name = Debug;
		};
		446477872A2A6A6D00F65548 /* Release */ = {
			isa = XCBuildConfiguration;
			buildSettings = {
				ASSETCATALOG_COMPILER_APPICON_NAME = AppIcon;
				ASSETCATALOG_COMPILER_GLOBAL_ACCENT_COLOR_NAME = AccentColor;
				CODE_SIGN_STYLE = Automatic;
				CURRENT_PROJECT_VERSION = 1;
				DEVELOPMENT_ASSET_PATHS = "\"Nutrizy/Preview Content\"";
				ENABLE_PREVIEWS = YES;
				GENERATE_INFOPLIST_FILE = YES;
				INFOPLIST_KEY_UIApplicationSceneManifest_Generation = YES;
				INFOPLIST_KEY_UIApplicationSupportsIndirectInputEvents = YES;
				INFOPLIST_KEY_UILaunchScreen_Generation = YES;
				INFOPLIST_KEY_UISupportedInterfaceOrientations_iPad = "UIInterfaceOrientationPortrait UIInterfaceOrientationPortraitUpsideDown UIInterfaceOrientationLandscapeLeft UIInterfaceOrientationLandscapeRight";
				INFOPLIST_KEY_UISupportedInterfaceOrientations_iPhone = "UIInterfaceOrientationPortrait UIInterfaceOrientationLandscapeLeft UIInterfaceOrientationLandscapeRight";
				LD_RUNPATH_SEARCH_PATHS = (
					"$(inherited)",
					"@executable_path/Frameworks",
				);
				MARKETING_VERSION = 1.0;
				PRODUCT_BUNDLE_IDENTIFIER = com.ifce.Nutrizy;
				PRODUCT_NAME = "$(TARGET_NAME)";
				SWIFT_EMIT_LOC_STRINGS = YES;
				SWIFT_VERSION = 5.0;
				TARGETED_DEVICE_FAMILY = "1,2";
			};
			name = Release;
		};
/* End XCBuildConfiguration section */

/* Begin XCConfigurationList section */
		446477722A2A6A6D00F65548 /* Build configuration list for PBXProject "Nutrizy" */ = {
			isa = XCConfigurationList;
			buildConfigurations = (
				446477832A2A6A6D00F65548 /* Debug */,
				446477842A2A6A6D00F65548 /* Release */,
			);
			defaultConfigurationIsVisible = 0;
			defaultConfigurationName = Release;
		};
		446477852A2A6A6D00F65548 /* Build configuration list for PBXNativeTarget "Nutrizy" */ = {
			isa = XCConfigurationList;
			buildConfigurations = (
				446477862A2A6A6D00F65548 /* Debug */,
				446477872A2A6A6D00F65548 /* Release */,
			);
			defaultConfigurationIsVisible = 0;
			defaultConfigurationName = Release;
		};
/* End XCConfigurationList section */
	};
	rootObject = 4464776F2A2A6A6D00F65548 /* Project object */;
}
